
Microsoft Visual Studio Solution File, Format Version 12.00
# Visual Studio Version 17
VisualStudioVersion = 17.8.34525.116
MinimumVisualStudioVersion = 10.0.40219.1
Project("{FAE04EC0-301F-11D3-BF4B-00C04F79EFBC}") = "PlatformService", "PlatformService.csproj", "{670B8ED9-203F-4EC3-BCF9-A0A9B9FFD1B2}"
EndProject
Project("{2150E333-8FDC-42A3-9474-1A3956D46DE8}") = "Models", "Models", "{FDDE4FDE-6364-4222-9259-198B05515DD4}"
	ProjectSection(SolutionItems) = preProject
		Platform.cs = Platform.cs
	EndProjectSection
EndProject
Project("{2150E333-8FDC-42A3-9474-1A3956D46DE8}") = "Data", "Data", "{E7FD9CBC-92A5-4D0E-9D45-CE4ECEF1005A}"
	ProjectSection(SolutionItems) = preProject
		AppDbContext.cs = AppDbContext.cs
		IPlatformRepo.cs = IPlatformRepo.cs
		PlatformRepo.cs = PlatformRepo.cs
	EndProjectSection
EndProject
Global
	GlobalSection(SolutionConfigurationPlatforms) = preSolution
		Debug|Any CPU = Debug|Any CPU
		Release|Any CPU = Release|Any CPU
	EndGlobalSection
	GlobalSection(ProjectConfigurationPlatforms) = postSolution
		{670B8ED9-203F-4EC3-BCF9-A0A9B9FFD1B2}.Debug|Any CPU.ActiveCfg = Debug|Any CPU
		{670B8ED9-203F-4EC3-BCF9-A0A9B9FFD1B2}.Debug|Any CPU.Build.0 = Debug|Any CPU
		{670B8ED9-203F-4EC3-BCF9-A0A9B9FFD1B2}.Release|Any CPU.ActiveCfg = Release|Any CPU
		{670B8ED9-203F-4EC3-BCF9-A0A9B9FFD1B2}.Release|Any CPU.Build.0 = Release|Any CPU
	EndGlobalSection
	GlobalSection(SolutionProperties) = preSolution
		HideSolutionNode = FALSE
	EndGlobalSection
	GlobalSection(ExtensibilityGlobals) = postSolution
		SolutionGuid = {6B6D73A3-0F55-4EBF-8702-C1363E8521C6}
	EndGlobalSection
EndGlobal
